
Microsoft Visual Studio Solution File, Format Version 12.00
# Visual Studio 15
VisualStudioVersion = 15.0.28307.168
MinimumVisualStudioVersion = 10.0.40219.1
Project("{FAE04EC0-301F-11D3-BF4B-00C04F79EFBC}") = "JeuEchec", "JeuEchec\JeuEchec.csproj", "{8F3707CA-0E64-44D7-8BF2-49E93EF036D8}"
EndProject
Global
	GlobalSection(SolutionConfigurationPlatforms) = preSolution
		Debug|Any CPU = Debug|Any CPU
		Release|Any CPU = Release|Any CPU
	EndGlobalSection
	GlobalSection(ProjectConfigurationPlatforms) = postSolution
		{8F3707CA-0E64-44D7-8BF2-49E93EF036D8}.Debug|Any CPU.ActiveCfg = Debug|Any CPU
		{8F3707CA-0E64-44D7-8BF2-49E93EF036D8}.Debug|Any CPU.Build.0 = Debug|Any CPU
		{8F3707CA-0E64-44D7-8BF2-49E93EF036D8}.Release|Any CPU.ActiveCfg = Release|Any CPU
		{8F3707CA-0E64-44D7-8BF2-49E93EF036D8}.Release|Any CPU.Build.0 = Release|Any CPU
	EndGlobalSection
	GlobalSection(SolutionProperties) = preSolution
		HideSolutionNode = FALSE
	EndGlobalSection
	GlobalSection(ExtensibilityGlobals) = postSolution
		SolutionGuid = {FCDAA2E5-E24C-4AD3-8823-CC78C357CF69}
	EndGlobalSection
EndGlobal
